
Microsoft Visual Studio Solution File, Format Version 12.00
# Visual Studio Version 16
VisualStudioVersion = 16.0.31624.102
MinimumVisualStudioVersion = 10.0.40219.1
Project("{FAE04EC0-301F-11D3-BF4B-00C04F79EFBC}") = "SportManager", "SportManager\SportManager.csproj", "{AD824EE6-993B-4181-BF3F-9EBD2D263056}"
EndProject
Global
	GlobalSection(SolutionConfigurationPlatforms) = preSolution
		Debug|Any CPU = Debug|Any CPU
		Release|Any CPU = Release|Any CPU
	EndGlobalSection
	GlobalSection(ProjectConfigurationPlatforms) = postSolution
		{AD824EE6-993B-4181-BF3F-9EBD2D263056}.Debug|Any CPU.ActiveCfg = Debug|Any CPU
		{AD824EE6-993B-4181-BF3F-9EBD2D263056}.Debug|Any CPU.Build.0 = Debug|Any CPU
		{AD824EE6-993B-4181-BF3F-9EBD2D263056}.Release|Any CPU.ActiveCfg = Release|Any CPU
		{AD824EE6-993B-4181-BF3F-9EBD2D263056}.Release|Any CPU.Build.0 = Release|Any CPU
	EndGlobalSection
	GlobalSection(SolutionProperties) = preSolution
		HideSolutionNode = FALSE
	EndGlobalSection
	GlobalSection(ExtensibilityGlobals) = postSolution
		SolutionGuid = {371971E4-02FF-40CA-AA60-17986787EC06}
	EndGlobalSection
EndGlobal
